// !$*UTF8*$!
{
	archiveVersion = 1;
	classes = {
	};
	objectVersion = 46;
	objects = {

/* Begin PBXBuildFile section */
		A2F5D0411AFAF86600D5BDE9 /* main.m in Sources */ = {isa = PBXBuildFile; fileRef = A2F5D0401AFAF86600D5BDE9 /* main.m */; };
		A2F5D0441AFAF86600D5BDE9 /* AppDelegate.m in Sources */ = {isa = PBXBuildFile; fileRef = A2F5D0431AFAF86600D5BDE9 /* AppDelegate.m */; };
		A2F5D04C1AFAF86600D5BDE9 /* Images.xcassets in Resources */ = {isa = PBXBuildFile; fileRef = A2F5D04B1AFAF86600D5BDE9 /* Images.xcassets */; };
		A2F5D04F1AFAF86600D5BDE9 /* LaunchScreen.xib in Resources */ = {isa = PBXBuildFile; fileRef = A2F5D04D1AFAF86600D5BDE9 /* LaunchScreen.xib */; };
		A2F5D05B1AFAF86600D5BDE9 /* CardGameTests.m in Sources */ = {isa = PBXBuildFile; fileRef = A2F5D05A1AFAF86600D5BDE9 /* CardGameTests.m */; };
		A2F5D0671AFAF8B800D5BDE9 /* GameViewController.m in Sources */ = {isa = PBXBuildFile; fileRef = A2F5D0651AFAF8B800D5BDE9 /* GameViewController.m */; };
		A2F5D0681AFAF8B800D5BDE9 /* GameViewController.xib in Resources */ = {isa = PBXBuildFile; fileRef = A2F5D0661AFAF8B800D5BDE9 /* GameViewController.xib */; };
		A2F5D06A1AFAF91B00D5BDE9 /* IMG_0217.jpg in Resources */ = {isa = PBXBuildFile; fileRef = A2F5D0691AFAF91B00D5BDE9 /* IMG_0217.jpg */; };
		A2F5D06C1AFAF92800D5BDE9 /* IMG_0218.jpg in Resources */ = {isa = PBXBuildFile; fileRef = A2F5D06B1AFAF92800D5BDE9 /* IMG_0218.jpg */; };
		A2F5D0701AFAFA5D00D5BDE9 /* Card.m in Sources */ = {isa = PBXBuildFile; fileRef = A2F5D06F1AFAFA5D00D5BDE9 /* Card.m */; };
		A2F5D0731AFAFFAA00D5BDE9 /* Poker.m in Sources */ = {isa = PBXBuildFile; fileRef = A2F5D0721AFAFFAA00D5BDE9 /* Poker.m */; };
		A2F5D0761AFB091D00D5BDE9 /* Game.m in Sources */ = {isa = PBXBuildFile; fileRef = A2F5D0751AFB091D00D5BDE9 /* Game.m */; };
/* End PBXBuildFile section */

/* Begin PBXContainerItemProxy section */
		A2F5D0551AFAF86600D5BDE9 /* PBXContainerItemProxy */ = {
			isa = PBXContainerItemProxy;
			containerPortal = A2F5D0331AFAF86600D5BDE9 /* Project object */;
			proxyType = 1;
			remoteGlobalIDString = A2F5D03A1AFAF86600D5BDE9;
			remoteInfo = CardGame;
		};
/* End PBXContainerItemProxy section */

/* Begin PBXFileReference section */
		A2F5D03B1AFAF86600D5BDE9 /* CardGame.app */ = {isa = PBXFileReference; explicitFileType = wrapper.application; includeInIndex = 0; path = CardGame.app; sourceTree = BUILT_PRODUCTS_DIR; };
		A2F5D03F1AFAF86600D5BDE9 /* Info.plist */ = {isa = PBXFileReference; lastKnownFileType = text.plist.xml; path = Info.plist; sourceTree = "<group>"; };
		A2F5D0401AFAF86600D5BDE9 /* main.m */ = {isa = PBXFileReference; lastKnownFileType = sourcecode.c.objc; path = main.m; sourceTree = "<group>"; };
		A2F5D0421AFAF86600D5BDE9 /* AppDelegate.h */ = {isa = PBXFileReference; lastKnownFileType = sourcecode.c.h; path = AppDelegate.h; sourceTree = "<group>"; };
		A2F5D0431AFAF86600D5BDE9 /* AppDelegate.m */ = {isa = PBXFileReference; lastKnownFileType = sourcecode.c.objc; path = AppDelegate.m; sourceTree = "<group>"; };
		A2F5D04B1AFAF86600D5BDE9 /* Images.xcassets */ = {isa = PBXFileReference; lastKnownFileType = folder.assetcatalog; path = Images.xcassets; sourceTree = "<group>"; };
		A2F5D04E1AFAF86600D5BDE9 /* Base */ = {isa = PBXFileReference; lastKnownFileType = file.xib; name = Base; path = Base.lproj/LaunchScreen.xib; sourceTree = "<group>"; };
		A2F5D0541AFAF86600D5BDE9 /* CardGameTests.xctest */ = {isa = PBXFileReference; explicitFileType = wrapper.cfbundle; includeInIndex = 0; path = CardGameTests.xctest; sourceTree = BUILT_PRODUCTS_DIR; };
		A2F5D0591AFAF86600D5BDE9 /* Info.plist */ = {isa = PBXFileReference; lastKnownFileType = text.plist.xml; path = Info.plist; sourceTree = "<group>"; };
		A2F5D05A1AFAF86600D5BDE9 /* CardGameTests.m */ = {isa = PBXFileReference; lastKnownFileType = sourcecode.c.objc; path = CardGameTests.m; sourceTree = "<group>"; };
		A2F5D0641AFAF8B800D5BDE9 /* GameViewController.h */ = {isa = PBXFileReference; fileEncoding = 4; lastKnownFileType = sourcecode.c.h; path = GameViewController.h; sourceTree = "<group>"; };
		A2F5D0651AFAF8B800D5BDE9 /* GameViewController.m */ = {isa = PBXFileReference; fileEncoding = 4; lastKnownFileType = sourcecode.c.objc; path = GameViewController.m; sourceTree = "<group>"; };
		A2F5D0661AFAF8B800D5BDE9 /* GameViewController.xib */ = {isa = PBXFileReference; fileEncoding = 4; lastKnownFileType = file.xib; path = GameViewController.xib; sourceTree = "<group>"; };
		A2F5D0691AFAF91B00D5BDE9 /* IMG_0217.jpg */ = {isa = PBXFileReference; lastKnownFileType = image.jpeg; name = IMG_0217.jpg; path = ../IMG_0217.jpg; sourceTree = "<group>"; };
		A2F5D06B1AFAF92800D5BDE9 /* IMG_0218.jpg */ = {isa = PBXFileReference; lastKnownFileType = image.jpeg; path = IMG_0218.jpg; sourceTree = "<group>"; };
		A2F5D06E1AFAFA5D00D5BDE9 /* Card.h */ = {isa = PBXFileReference; fileEncoding = 4; lastKnownFileType = sourcecode.c.h; path = Card.h; sourceTree = "<group>"; };
		A2F5D06F1AFAFA5D00D5BDE9 /* Card.m */ = {isa = PBXFileReference; fileEncoding = 4; lastKnownFileType = sourcecode.c.objc; path = Card.m; sourceTree = "<group>"; };
		A2F5D0711AFAFFAA00D5BDE9 /* Poker.h */ = {isa = PBXFileReference; fileEncoding = 4; lastKnownFileType = sourcecode.c.h; path = Poker.h; sourceTree = "<group>"; };
		A2F5D0721AFAFFAA00D5BDE9 /* Poker.m */ = {isa = PBXFileReference; fileEncoding = 4; lastKnownFileType = sourcecode.c.objc; path = Poker.m; sourceTree = "<group>"; };
		A2F5D0741AFB091D00D5BDE9 /* Game.h */ = {isa = PBXFileReference; fileEncoding = 4; lastKnownFileType = sourcecode.c.h; path = Game.h; sourceTree = "<group>"; };
		A2F5D0751AFB091D00D5BDE9 /* Game.m */ = {isa = PBXFileReference; fileEncoding = 4; lastKnownFileType = sourcecode.c.objc; path = Game.m; sourceTree = "<group>"; };
/* End PBXFileReference section */

/* Begin PBXFrameworksBuildPhase section */
		A2F5D0381AFAF86600D5BDE9 /* Frameworks */ = {
			isa = PBXFrameworksBuildPhase;
			buildActionMask = 2147483647;
			files = (
			);
			runOnlyForDeploymentPostprocessing = 0;
		};
		A2F5D0511AFAF86600D5BDE9 /* Frameworks */ = {
			isa = PBXFrameworksBuildPhase;
			buildActionMask = 2147483647;
			files = (
			);
			runOnlyForDeploymentPostprocessing = 0;
		};
/* End PBXFrameworksBuildPhase section */

/* Begin PBXGroup section */
		A2F5D0321AFAF86600D5BDE9 = {
			isa = PBXGroup;
			children = (
				A2F5D03D1AFAF86600D5BDE9 /* CardGame */,
				A2F5D0571AFAF86600D5BDE9 /* CardGameTests */,
				A2F5D03C1AFAF86600D5BDE9 /* Products */,
			);
			sourceTree = "<group>";
		};
		A2F5D03C1AFAF86600D5BDE9 /* Products */ = {
			isa = PBXGroup;
			children = (
				A2F5D03B1AFAF86600D5BDE9 /* CardGame.app */,
				A2F5D0541AFAF86600D5BDE9 /* CardGameTests.xctest */,
			);
			name = Products;
			sourceTree = "<group>";
		};
		A2F5D03D1AFAF86600D5BDE9 /* CardGame */ = {
			isa = PBXGroup;
			children = (
				A2F5D06B1AFAF92800D5BDE9 /* IMG_0218.jpg */,
				A2F5D0691AFAF91B00D5BDE9 /* IMG_0217.jpg */,
				A2F5D0421AFAF86600D5BDE9 /* AppDelegate.h */,
				A2F5D06D1AFAFA2400D5BDE9 /* Model */,
				A2F5D0431AFAF86600D5BDE9 /* AppDelegate.m */,
				A2F5D0641AFAF8B800D5BDE9 /* GameViewController.h */,
				A2F5D0651AFAF8B800D5BDE9 /* GameViewController.m */,
				A2F5D0661AFAF8B800D5BDE9 /* GameViewController.xib */,
				A2F5D04B1AFAF86600D5BDE9 /* Images.xcassets */,
				A2F5D04D1AFAF86600D5BDE9 /* LaunchScreen.xib */,
				A2F5D03E1AFAF86600D5BDE9 /* Supporting Files */,
			);
			path = CardGame;
			sourceTree = "<group>";
		};
		A2F5D03E1AFAF86600D5BDE9 /* Supporting Files */ = {
			isa = PBXGroup;
			children = (
				A2F5D03F1AFAF86600D5BDE9 /* Info.plist */,
				A2F5D0401AFAF86600D5BDE9 /* main.m */,
			);
			name = "Supporting Files";
			sourceTree = "<group>";
		};
		A2F5D0571AFAF86600D5BDE9 /* CardGameTests */ = {
			isa = PBXGroup;
			children = (
				A2F5D05A1AFAF86600D5BDE9 /* CardGameTests.m */,
				A2F5D0581AFAF86600D5BDE9 /* Supporting Files */,
			);
			path = CardGameTests;
			sourceTree = "<group>";
		};
		A2F5D0581AFAF86600D5BDE9 /* Supporting Files */ = {
			isa = PBXGroup;
			children = (
				A2F5D0591AFAF86600D5BDE9 /* Info.plist */,
			);
			name = "Supporting Files";
			sourceTree = "<group>";
		};
		A2F5D06D1AFAFA2400D5BDE9 /* Model */ = {
			isa = PBXGroup;
			children = (
				A2F5D06E1AFAFA5D00D5BDE9 /* Card.h */,
				A2F5D06F1AFAFA5D00D5BDE9 /* Card.m */,
				A2F5D0711AFAFFAA00D5BDE9 /* Poker.h */,
				A2F5D0721AFAFFAA00D5BDE9 /* Poker.m */,
				A2F5D0741AFB091D00D5BDE9 /* Game.h */,
				A2F5D0751AFB091D00D5BDE9 /* Game.m */,
			);
			name = Model;
			sourceTree = "<group>";
		};
/* End PBXGroup section */

/* Begin PBXNativeTarget section */
		A2F5D03A1AFAF86600D5BDE9 /* CardGame */ = {
			isa = PBXNativeTarget;
			buildConfigurationList = A2F5D05E1AFAF86600D5BDE9 /* Build configuration list for PBXNativeTarget "CardGame" */;
			buildPhases = (
				A2F5D0371AFAF86600D5BDE9 /* Sources */,
				A2F5D0381AFAF86600D5BDE9 /* Frameworks */,
				A2F5D0391AFAF86600D5BDE9 /* Resources */,
			);
			buildRules = (
			);
			dependencies = (
			);
			name = CardGame;
			productName = CardGame;
			productReference = A2F5D03B1AFAF86600D5BDE9 /* CardGame.app */;
			productType = "com.apple.product-type.application";
		};
		A2F5D0531AFAF86600D5BDE9 /* CardGameTests */ = {
			isa = PBXNativeTarget;
			buildConfigurationList = A2F5D0611AFAF86600D5BDE9 /* Build configuration list for PBXNativeTarget "CardGameTests" */;
			buildPhases = (
				A2F5D0501AFAF86600D5BDE9 /* Sources */,
				A2F5D0511AFAF86600D5BDE9 /* Frameworks */,
				A2F5D0521AFAF86600D5BDE9 /* Resources */,
			);
			buildRules = (
			);
			dependencies = (
				A2F5D0561AFAF86600D5BDE9 /* PBXTargetDependency */,
			);
			name = CardGameTests;
			productName = CardGameTests;
			productReference = A2F5D0541AFAF86600D5BDE9 /* CardGameTests.xctest */;
			productType = "com.apple.product-type.bundle.unit-test";
		};
/* End PBXNativeTarget section */

/* Begin PBXProject section */
		A2F5D0331AFAF86600D5BDE9 /* Project object */ = {
			isa = PBXProject;
			attributes = {
				LastUpgradeCheck = 0630;
				ORGANIZATIONNAME = zhoutong;
				TargetAttributes = {
					A2F5D03A1AFAF86600D5BDE9 = {
						CreatedOnToolsVersion = 6.3.1;
					};
					A2F5D0531AFAF86600D5BDE9 = {
						CreatedOnToolsVersion = 6.3.1;
						TestTargetID = A2F5D03A1AFAF86600D5BDE9;
					};
				};
			};
			buildConfigurationList = A2F5D0361AFAF86600D5BDE9 /* Build configuration list for PBXProject "CardGame" */;
			compatibilityVersion = "Xcode 3.2";
			developmentRegion = English;
			hasScannedForEncodings = 0;
			knownRegions = (
				en,
				Base,
			);
			mainGroup = A2F5D0321AFAF86600D5BDE9;
			productRefGroup = A2F5D03C1AFAF86600D5BDE9 /* Products */;
			projectDirPath = "";
			projectRoot = "";
			targets = (
				A2F5D03A1AFAF86600D5BDE9 /* CardGame */,
				A2F5D0531AFAF86600D5BDE9 /* CardGameTests */,
			);
		};
/* End PBXProject section */

/* Begin PBXResourcesBuildPhase section */
		A2F5D0391AFAF86600D5BDE9 /* Resources */ = {
			isa = PBXResourcesBuildPhase;
			buildActionMask = 2147483647;
			files = (
				A2F5D04F1AFAF86600D5BDE9 /* LaunchScreen.xib in Resources */,
				A2F5D06C1AFAF92800D5BDE9 /* IMG_0218.jpg in Resources */,
				A2F5D06A1AFAF91B00D5BDE9 /* IMG_0217.jpg in Resources */,
				A2F5D04C1AFAF86600D5BDE9 /* Images.xcassets in Resources */,
				A2F5D0681AFAF8B800D5BDE9 /* GameViewController.xib in Resources */,
			);
			runOnlyForDeploymentPostprocessing = 0;
		};
		A2F5D0521AFAF86600D5BDE9 /* Resources */ = {
			isa = PBXResourcesBuildPhase;
			buildActionMask = 2147483647;
			files = (
			);
			runOnlyForDeploymentPostprocessing = 0;
		};
/* End PBXResourcesBuildPhase section */

/* Begin PBXSourcesBuildPhase section */
		A2F5D0371AFAF86600D5BDE9 /* Sources */ = {
			isa = PBXSourcesBuildPhase;
			buildActionMask = 2147483647;
			files = (
				A2F5D0441AFAF86600D5BDE9 /* AppDelegate.m in Sources */,
				A2F5D0731AFAFFAA00D5BDE9 /* Poker.m in Sources */,
				A2F5D0671AFAF8B800D5BDE9 /* GameViewController.m in Sources */,
				A2F5D0761AFB091D00D5BDE9 /* Game.m in Sources */,
				A2F5D0411AFAF86600D5BDE9 /* main.m in Sources */,
				A2F5D0701AFAFA5D00D5BDE9 /* Card.m in Sources */,
			);
			runOnlyForDeploymentPostprocessing = 0;
		};
		A2F5D0501AFAF86600D5BDE9 /* Sources */ = {
			isa = PBXSourcesBuildPhase;
			buildActionMask = 2147483647;
			files = (
				A2F5D05B1AFAF86600D5BDE9 /* CardGameTests.m in Sources */,
			);
			runOnlyForDeploymentPostprocessing = 0;
		};
/* End PBXSourcesBuildPhase section */

/* Begin PBXTargetDependency section */
		A2F5D0561AFAF86600D5BDE9 /* PBXTargetDependency */ = {
			isa = PBXTargetDependency;
			target = A2F5D03A1AFAF86600D5BDE9 /* CardGame */;
			targetProxy = A2F5D0551AFAF86600D5BDE9 /* PBXContainerItemProxy */;
		};
/* End PBXTargetDependency section */

/* Begin PBXVariantGroup section */
		A2F5D04D1AFAF86600D5BDE9 /* LaunchScreen.xib */ = {
			isa = PBXVariantGroup;
			children = (
				A2F5D04E1AFAF86600D5BDE9 /* Base */,
			);
			name = LaunchScreen.xib;
			sourceTree = "<group>";
		};
/* End PBXVariantGroup section */

/* Begin XCBuildConfiguration section */
		A2F5D05C1AFAF86600D5BDE9 /* Debug */ = {
			isa = XCBuildConfiguration;
			buildSettings = {
				ALWAYS_SEARCH_USER_PATHS = NO;
				CLANG_CXX_LANGUAGE_STANDARD = "gnu++0x";
				CLANG_CXX_LIBRARY = "libc++";
				CLANG_ENABLE_MODULES = YES;
				CLANG_ENABLE_OBJC_ARC = YES;
				CLANG_WARN_BOOL_CONVERSION = YES;
				CLANG_WARN_CONSTANT_CONVERSION = YES;
				CLANG_WARN_DIRECT_OBJC_ISA_USAGE = YES_ERROR;
				CLANG_WARN_EMPTY_BODY = YES;
				CLANG_WARN_ENUM_CONVERSION = YES;
				CLANG_WARN_INT_CONVERSION = YES;
				CLANG_WARN_OBJC_ROOT_CLASS = YES_ERROR;
				CLANG_WARN_UNREACHABLE_CODE = YES;
				CLANG_WARN__DUPLICATE_METHOD_MATCH = YES;
				"CODE_SIGN_IDENTITY[sdk=iphoneos*]" = "iPhone Developer";
				COPY_PHASE_STRIP = NO;
				DEBUG_INFORMATION_FORMAT = "dwarf-with-dsym";
				ENABLE_STRICT_OBJC_MSGSEND = YES;
				GCC_C_LANGUAGE_STANDARD = gnu99;
				GCC_DYNAMIC_NO_PIC = NO;
				GCC_NO_COMMON_BLOCKS = YES;
				GCC_OPTIMIZATION_LEVEL = 0;
				GCC_PREPROCESSOR_DEFINITIONS = (
					"DEBUG=1",
					"$(inherited)",
				);
				GCC_SYMBOLS_PRIVATE_EXTERN = NO;
				GCC_WARN_64_TO_32_BIT_CONVERSION = YES;
				GCC_WARN_ABOUT_RETURN_TYPE = YES_ERROR;
				GCC_WARN_UNDECLARED_SELECTOR = YES;
				GCC_WARN_UNINITIALIZED_AUTOS = YES_AGGRESSIVE;
				GCC_WARN_UNUSED_FUNCTION = YES;
				GCC_WARN_UNUSED_VARIABLE = YES;
				IPHONEOS_DEPLOYMENT_TARGET = 8.3;
				MTL_ENABLE_DEBUG_INFO = YES;
				ONLY_ACTIVE_ARCH = YES;
				SDKROOT = iphoneos;
			};
			name = Debug;
		};
		A2F5D05D1AFAF86600D5BDE9 /* Release */ = {
			isa = XCBuildConfiguration;
			buildSettings = {
				ALWAYS_SEARCH_USER_PATHS = NO;
				CLANG_CXX_LANGUAGE_STANDARD = "gnu++0x";
				CLANG_CXX_LIBRARY = "libc++";
				CLANG_ENABLE_MODULES = YES;
				CLANG_ENABLE_OBJC_ARC = YES;
				CLANG_WARN_BOOL_CONVERSION = YES;
				CLANG_WARN_CONSTANT_CONVERSION = YES;
				CLANG_WARN_DIRECT_OBJC_ISA_USAGE = YES_ERROR;
				CLANG_WARN_EMPTY_BODY = YES;
				CLANG_WARN_ENUM_CONVERSION = YES;
				CLANG_WARN_INT_CONVERSION = YES;
				CLANG_WARN_OBJC_ROOT_CLASS = YES_ERROR;
				CLANG_WARN_UNREACHABLE_CODE = YES;
				CLANG_WARN__DUPLICATE_METHOD_MATCH = YES;
				"CODE_SIGN_IDENTITY[sdk=iphoneos*]" = "iPhone Developer";
				COPY_PHASE_STRIP = NO;
				DEBUG_INFORMATION_FORMAT = "dwarf-with-dsym";
				ENABLE_NS_ASSERTIONS = NO;
				ENABLE_STRICT_OBJC_MSGSEND = YES;
				GCC_C_LANGUAGE_STANDARD = gnu99;
				GCC_NO_COMMON_BLOCKS = YES;
				GCC_WARN_64_TO_32_BIT_CONVERSION = YES;
				GCC_WARN_ABOUT_RETURN_TYPE = YES_ERROR;
				GCC_WARN_UNDECLARED_SELECTOR = YES;
				GCC_WARN_UNINITIALIZED_AUTOS = YES_AGGRESSIVE;
				GCC_WARN_UNUSED_FUNCTION = YES;
				GCC_WARN_UNUSED_VARIABLE = YES;
				IPHONEOS_DEPLOYMENT_TARGET = 8.3;
				MTL_ENABLE_DEBUG_INFO = NO;
				SDKROOT = iphoneos;
				VALIDATE_PRODUCT = YES;
			};
			name = Release;
		};
		A2F5D05F1AFAF86600D5BDE9 /* Debug */ = {
			isa = XCBuildConfiguration;
			buildSettings = {
				ASSETCATALOG_COMPILER_APPICON_NAME = AppIcon;
				INFOPLIST_FILE = CardGame/Info.plist;
				LD_RUNPATH_SEARCH_PATHS = "$(inherited) @executable_path/Frameworks";
				PRODUCT_NAME = "$(TARGET_NAME)";
			};
			name = Debug;
		};
		A2F5D0601AFAF86600D5BDE9 /* Release */ = {
			isa = XCBuildConfiguration;
			buildSettings = {
				ASSETCATALOG_COMPILER_APPICON_NAME = AppIcon;
				INFOPLIST_FILE = CardGame/Info.plist;
				LD_RUNPATH_SEARCH_PATHS = "$(inherited) @executable_path/Frameworks";
				PRODUCT_NAME = "$(TARGET_NAME)";
			};
			name = Release;
		};
		A2F5D0621AFAF86600D5BDE9 /* Debug */ = {
			isa = XCBuildConfiguration;
			buildSettings = {
				BUNDLE_LOADER = "$(TEST_HOST)";
				FRAMEWORK_SEARCH_PATHS = (
					"$(SDKROOT)/Developer/Library/Frameworks",
					"$(inherited)",
				);
				GCC_PREPROCESSOR_DEFINITIONS = (
					"DEBUG=1",
					"$(inherited)",
				);
				INFOPLIST_FILE = CardGameTests/Info.plist;
				LD_RUNPATH_SEARCH_PATHS = "$(inherited) @executable_path/Frameworks @loader_path/Frameworks";
				PRODUCT_NAME = "$(TARGET_NAME)";
				TEST_HOST = "$(BUILT_PRODUCTS_DIR)/CardGame.app/CardGame";
			};
			name = Debug;
		};
		A2F5D0631AFAF86600D5BDE9 /* Release */ = {
			isa = XCBuildConfiguration;
			buildSettings = {
				BUNDLE_LOADER = "$(TEST_HOST)";
				FRAMEWORK_SEARCH_PATHS = (
					"$(SDKROOT)/Developer/Library/Frameworks",
					"$(inherited)",
				);
				INFOPLIST_FILE = CardGameTests/Info.plist;
				LD_RUNPATH_SEARCH_PATHS = "$(inherited) @executable_path/Frameworks @loader_path/Frameworks";
				PRODUCT_NAME = "$(TARGET_NAME)";
				TEST_HOST = "$(BUILT_PRODUCTS_DIR)/CardGame.app/CardGame";
			};
			name = Release;
		};
/* End XCBuildConfiguration section */

/* Begin XCConfigurationList section */
		A2F5D0361AFAF86600D5BDE9 /* Build configuration list for PBXProject "CardGame" */ = {
			isa = XCConfigurationList;
			buildConfigurations = (
				A2F5D05C1AFAF86600D5BDE9 /* Debug */,
				A2F5D05D1AFAF86600D5BDE9 /* Release */,
			);
			defaultConfigurationIsVisible = 0;
			defaultConfigurationName = Release;
		};
		A2F5D05E1AFAF86600D5BDE9 /* Build configuration list for PBXNativeTarget "CardGame" */ = {
			isa = XCConfigurationList;
			buildConfigurations = (
				A2F5D05F1AFAF86600D5BDE9 /* Debug */,
				A2F5D0601AFAF86600D5BDE9 /* Release */,
			);
			defaultConfigurationIsVisible = 0;
		};
		A2F5D0611AFAF86600D5BDE9 /* Build configuration list for PBXNativeTarget "CardGameTests" */ = {
			isa = XCConfigurationList;
			buildConfigurations = (
				A2F5D0621AFAF86600D5BDE9 /* Debug */,
				A2F5D0631AFAF86600D5BDE9 /* Release */,
			);
			defaultConfigurationIsVisible = 0;
		};
/* End XCConfigurationList section */
	};
	rootObject = A2F5D0331AFAF86600D5BDE9 /* Project object */;
}
